// !$*UTF8*$!
{
	archiveVersion = 1;
	classes = {
	};
	objectVersion = 51;
	objects = {

/* Begin PBXBuildFile section */
		21F405DDCA00B5159811370A /* Pods_josinstagramTests.framework in Frameworks */ = {isa = PBXBuildFile; fileRef = 2A23A584762273F60A995206 /* Pods_josinstagramTests.framework */; };
		3C11202922D7F361001202E4 /* FriendsProfileViewController.m in Sources */ = {isa = PBXBuildFile; fileRef = 3C11202822D7F361001202E4 /* FriendsProfileViewController.m */; };
		3C6A9D8022D3FB6A00749C1B /* AppDelegate.m in Sources */ = {isa = PBXBuildFile; fileRef = 3C6A9D7F22D3FB6A00749C1B /* AppDelegate.m */; };
		3C6A9D8622D3FB6A00749C1B /* Main.storyboard in Resources */ = {isa = PBXBuildFile; fileRef = 3C6A9D8422D3FB6A00749C1B /* Main.storyboard */; };
		3C6A9D8822D3FB6B00749C1B /* Assets.xcassets in Resources */ = {isa = PBXBuildFile; fileRef = 3C6A9D8722D3FB6B00749C1B /* Assets.xcassets */; };
		3C6A9D8B22D3FB6B00749C1B /* LaunchScreen.storyboard in Resources */ = {isa = PBXBuildFile; fileRef = 3C6A9D8922D3FB6B00749C1B /* LaunchScreen.storyboard */; };
		3C6A9D8E22D3FB6B00749C1B /* main.m in Sources */ = {isa = PBXBuildFile; fileRef = 3C6A9D8D22D3FB6B00749C1B /* main.m */; };
		3C6A9D9822D3FB6B00749C1B /* josinstagramTests.m in Sources */ = {isa = PBXBuildFile; fileRef = 3C6A9D9722D3FB6B00749C1B /* josinstagramTests.m */; };
		3C6A9DA322D3FB6B00749C1B /* josinstagramUITests.m in Sources */ = {isa = PBXBuildFile; fileRef = 3C6A9DA222D3FB6B00749C1B /* josinstagramUITests.m */; };
		3C6A9DB322D4068F00749C1B /* LoginViewController.m in Sources */ = {isa = PBXBuildFile; fileRef = 3C6A9DB222D4068F00749C1B /* LoginViewController.m */; };
		3C6A9DB922D40D9D00749C1B /* RegisterViewController.m in Sources */ = {isa = PBXBuildFile; fileRef = 3C6A9DB822D40D9D00749C1B /* RegisterViewController.m */; };
		3C6A9DBC22D4121B00749C1B /* TimelineViewController.m in Sources */ = {isa = PBXBuildFile; fileRef = 3C6A9DBB22D4121B00749C1B /* TimelineViewController.m */; };
		3CE9239922D5382100064F43 /* CameraViewController.m in Sources */ = {isa = PBXBuildFile; fileRef = 3CE9239822D5382100064F43 /* CameraViewController.m */; };
		3CE9239E22D5404100064F43 /* Post.m in Sources */ = {isa = PBXBuildFile; fileRef = 3CE9239D22D5404100064F43 /* Post.m */; };
		3CE923A222D5539D00064F43 /* PostCell.m in Sources */ = {isa = PBXBuildFile; fileRef = 3CE923A122D5539D00064F43 /* PostCell.m */; };
		3CE923A522D5608C00064F43 /* DetailsViewController.m in Sources */ = {isa = PBXBuildFile; fileRef = 3CE923A422D5608C00064F43 /* DetailsViewController.m */; };
		3CE923A822D6574F00064F43 /* ProfileViewController.m in Sources */ = {isa = PBXBuildFile; fileRef = 3CE923A722D6574F00064F43 /* ProfileViewController.m */; };
		3CE923AB22D6586F00064F43 /* PostCollectionCell.m in Sources */ = {isa = PBXBuildFile; fileRef = 3CE923AA22D6586F00064F43 /* PostCollectionCell.m */; };
		4E3CC8F0E02148CF85314BC7 /* Pods_josinstagramUITests.framework in Frameworks */ = {isa = PBXBuildFile; fileRef = 80634EAC7AAF478BC7FA3C43 /* Pods_josinstagramUITests.framework */; };
		56420701BF2E6A9A5339E8B1 /* Pods_josinstagram.framework in Frameworks */ = {isa = PBXBuildFile; fileRef = 0411020D22FDDCA0676FB11F /* Pods_josinstagram.framework */; };
/* End PBXBuildFile section */

/* Begin PBXContainerItemProxy section */
		3C6A9D9422D3FB6B00749C1B /* PBXContainerItemProxy */ = {
			isa = PBXContainerItemProxy;
			containerPortal = 3C6A9D7322D3FB6A00749C1B /* Project object */;
			proxyType = 1;
			remoteGlobalIDString = 3C6A9D7A22D3FB6A00749C1B;
			remoteInfo = josinstagram;
		};
		3C6A9D9F22D3FB6B00749C1B /* PBXContainerItemProxy */ = {
			isa = PBXContainerItemProxy;
			containerPortal = 3C6A9D7322D3FB6A00749C1B /* Project object */;
			proxyType = 1;
			remoteGlobalIDString = 3C6A9D7A22D3FB6A00749C1B;
			remoteInfo = josinstagram;
		};
/* End PBXContainerItemProxy section */

/* Begin PBXFileReference section */
		0411020D22FDDCA0676FB11F /* Pods_josinstagram.framework */ = {isa = PBXFileReference; explicitFileType = wrapper.framework; includeInIndex = 0; path = Pods_josinstagram.framework; sourceTree = BUILT_PRODUCTS_DIR; };
		23215BC80371685537A3421B /* Pods-josinstagram.debug.xcconfig */ = {isa = PBXFileReference; includeInIndex = 1; lastKnownFileType = text.xcconfig; name = "Pods-josinstagram.debug.xcconfig"; path = "Target Support Files/Pods-josinstagram/Pods-josinstagram.debug.xcconfig"; sourceTree = "<group>"; };
		2A23A584762273F60A995206 /* Pods_josinstagramTests.framework */ = {isa = PBXFileReference; explicitFileType = wrapper.framework; includeInIndex = 0; path = Pods_josinstagramTests.framework; sourceTree = BUILT_PRODUCTS_DIR; };
		3C11202722D7F361001202E4 /* FriendsProfileViewController.h */ = {isa = PBXFileReference; lastKnownFileType = sourcecode.c.h; path = FriendsProfileViewController.h; sourceTree = "<group>"; };
		3C11202822D7F361001202E4 /* FriendsProfileViewController.m */ = {isa = PBXFileReference; lastKnownFileType = sourcecode.c.objc; path = FriendsProfileViewController.m; sourceTree = "<group>"; };
		3C6A9D7B22D3FB6A00749C1B /* josinstagram.app */ = {isa = PBXFileReference; explicitFileType = wrapper.application; includeInIndex = 0; path = josinstagram.app; sourceTree = BUILT_PRODUCTS_DIR; };
		3C6A9D7E22D3FB6A00749C1B /* AppDelegate.h */ = {isa = PBXFileReference; lastKnownFileType = sourcecode.c.h; path = AppDelegate.h; sourceTree = "<group>"; };
		3C6A9D7F22D3FB6A00749C1B /* AppDelegate.m */ = {isa = PBXFileReference; lastKnownFileType = sourcecode.c.objc; path = AppDelegate.m; sourceTree = "<group>"; };
		3C6A9D8522D3FB6A00749C1B /* Base */ = {isa = PBXFileReference; lastKnownFileType = file.storyboard; name = Base; path = Base.lproj/Main.storyboard; sourceTree = "<group>"; };
		3C6A9D8722D3FB6B00749C1B /* Assets.xcassets */ = {isa = PBXFileReference; lastKnownFileType = folder.assetcatalog; path = Assets.xcassets; sourceTree = "<group>"; };
		3C6A9D8A22D3FB6B00749C1B /* Base */ = {isa = PBXFileReference; lastKnownFileType = file.storyboard; name = Base; path = Base.lproj/LaunchScreen.storyboard; sourceTree = "<group>"; };
		3C6A9D8C22D3FB6B00749C1B /* Info.plist */ = {isa = PBXFileReference; lastKnownFileType = text.plist.xml; path = Info.plist; sourceTree = "<group>"; };
		3C6A9D8D22D3FB6B00749C1B /* main.m */ = {isa = PBXFileReference; lastKnownFileType = sourcecode.c.objc; path = main.m; sourceTree = "<group>"; };
		3C6A9D9322D3FB6B00749C1B /* josinstagramTests.xctest */ = {isa = PBXFileReference; explicitFileType = wrapper.cfbundle; includeInIndex = 0; path = josinstagramTests.xctest; sourceTree = BUILT_PRODUCTS_DIR; };
		3C6A9D9722D3FB6B00749C1B /* josinstagramTests.m */ = {isa = PBXFileReference; lastKnownFileType = sourcecode.c.objc; path = josinstagramTests.m; sourceTree = "<group>"; };
		3C6A9D9922D3FB6B00749C1B /* Info.plist */ = {isa = PBXFileReference; lastKnownFileType = text.plist.xml; path = Info.plist; sourceTree = "<group>"; };
		3C6A9D9E22D3FB6B00749C1B /* josinstagramUITests.xctest */ = {isa = PBXFileReference; explicitFileType = wrapper.cfbundle; includeInIndex = 0; path = josinstagramUITests.xctest; sourceTree = BUILT_PRODUCTS_DIR; };
		3C6A9DA222D3FB6B00749C1B /* josinstagramUITests.m */ = {isa = PBXFileReference; lastKnownFileType = sourcecode.c.objc; path = josinstagramUITests.m; sourceTree = "<group>"; };
		3C6A9DA422D3FB6B00749C1B /* Info.plist */ = {isa = PBXFileReference; lastKnownFileType = text.plist.xml; path = Info.plist; sourceTree = "<group>"; };
		3C6A9DB122D4068F00749C1B /* LoginViewController.h */ = {isa = PBXFileReference; lastKnownFileType = sourcecode.c.h; path = LoginViewController.h; sourceTree = "<group>"; };
		3C6A9DB222D4068F00749C1B /* LoginViewController.m */ = {isa = PBXFileReference; lastKnownFileType = sourcecode.c.objc; path = LoginViewController.m; sourceTree = "<group>"; };
		3C6A9DB722D40D9D00749C1B /* RegisterViewController.h */ = {isa = PBXFileReference; lastKnownFileType = sourcecode.c.h; path = RegisterViewController.h; sourceTree = "<group>"; };
		3C6A9DB822D40D9D00749C1B /* RegisterViewController.m */ = {isa = PBXFileReference; lastKnownFileType = sourcecode.c.objc; path = RegisterViewController.m; sourceTree = "<group>"; };
		3C6A9DBA22D4121B00749C1B /* TimelineViewController.h */ = {isa = PBXFileReference; lastKnownFileType = sourcecode.c.h; path = TimelineViewController.h; sourceTree = "<group>"; };
		3C6A9DBB22D4121B00749C1B /* TimelineViewController.m */ = {isa = PBXFileReference; lastKnownFileType = sourcecode.c.objc; path = TimelineViewController.m; sourceTree = "<group>"; };
		3CE9239722D5382100064F43 /* CameraViewController.h */ = {isa = PBXFileReference; lastKnownFileType = sourcecode.c.h; path = CameraViewController.h; sourceTree = "<group>"; };
		3CE9239822D5382100064F43 /* CameraViewController.m */ = {isa = PBXFileReference; lastKnownFileType = sourcecode.c.objc; path = CameraViewController.m; sourceTree = "<group>"; };
		3CE9239C22D5404100064F43 /* Post.h */ = {isa = PBXFileReference; lastKnownFileType = sourcecode.c.h; path = Post.h; sourceTree = "<group>"; };
		3CE9239D22D5404100064F43 /* Post.m */ = {isa = PBXFileReference; lastKnownFileType = sourcecode.c.objc; path = Post.m; sourceTree = "<group>"; };
		3CE923A022D5539D00064F43 /* PostCell.h */ = {isa = PBXFileReference; lastKnownFileType = sourcecode.c.h; path = PostCell.h; sourceTree = "<group>"; };
		3CE923A122D5539D00064F43 /* PostCell.m */ = {isa = PBXFileReference; lastKnownFileType = sourcecode.c.objc; path = PostCell.m; sourceTree = "<group>"; };
		3CE923A322D5608C00064F43 /* DetailsViewController.h */ = {isa = PBXFileReference; lastKnownFileType = sourcecode.c.h; path = DetailsViewController.h; sourceTree = "<group>"; };
		3CE923A422D5608C00064F43 /* DetailsViewController.m */ = {isa = PBXFileReference; lastKnownFileType = sourcecode.c.objc; path = DetailsViewController.m; sourceTree = "<group>"; };
		3CE923A622D6574F00064F43 /* ProfileViewController.h */ = {isa = PBXFileReference; lastKnownFileType = sourcecode.c.h; path = ProfileViewController.h; sourceTree = "<group>"; };
		3CE923A722D6574F00064F43 /* ProfileViewController.m */ = {isa = PBXFileReference; lastKnownFileType = sourcecode.c.objc; path = ProfileViewController.m; sourceTree = "<group>"; };
		3CE923A922D6586F00064F43 /* PostCollectionCell.h */ = {isa = PBXFileReference; lastKnownFileType = sourcecode.c.h; path = PostCollectionCell.h; sourceTree = "<group>"; };
		3CE923AA22D6586F00064F43 /* PostCollectionCell.m */ = {isa = PBXFileReference; lastKnownFileType = sourcecode.c.objc; path = PostCollectionCell.m; sourceTree = "<group>"; };
		684B77C628F4465095D4362E /* Pods-josinstagram.release.xcconfig */ = {isa = PBXFileReference; includeInIndex = 1; lastKnownFileType = text.xcconfig; name = "Pods-josinstagram.release.xcconfig"; path = "Target Support Files/Pods-josinstagram/Pods-josinstagram.release.xcconfig"; sourceTree = "<group>"; };
		80634EAC7AAF478BC7FA3C43 /* Pods_josinstagramUITests.framework */ = {isa = PBXFileReference; explicitFileType = wrapper.framework; includeInIndex = 0; path = Pods_josinstagramUITests.framework; sourceTree = BUILT_PRODUCTS_DIR; };
		8171D9AE02FB1FBD41FA1EA5 /* Pods-josinstagramTests.debug.xcconfig */ = {isa = PBXFileReference; includeInIndex = 1; lastKnownFileType = text.xcconfig; name = "Pods-josinstagramTests.debug.xcconfig"; path = "Target Support Files/Pods-josinstagramTests/Pods-josinstagramTests.debug.xcconfig"; sourceTree = "<group>"; };
		8637BC2C8849BDC55BB9B240 /* Pods-josinstagramTests.release.xcconfig */ = {isa = PBXFileReference; includeInIndex = 1; lastKnownFileType = text.xcconfig; name = "Pods-josinstagramTests.release.xcconfig"; path = "Target Support Files/Pods-josinstagramTests/Pods-josinstagramTests.release.xcconfig"; sourceTree = "<group>"; };
		AC93CCF6D679C4A8A5720D37 /* Pods-josinstagramUITests.debug.xcconfig */ = {isa = PBXFileReference; includeInIndex = 1; lastKnownFileType = text.xcconfig; name = "Pods-josinstagramUITests.debug.xcconfig"; path = "Target Support Files/Pods-josinstagramUITests/Pods-josinstagramUITests.debug.xcconfig"; sourceTree = "<group>"; };
		D0B58F0B1A9763ECAEA84AFC /* Pods-josinstagramUITests.release.xcconfig */ = {isa = PBXFileReference; includeInIndex = 1; lastKnownFileType = text.xcconfig; name = "Pods-josinstagramUITests.release.xcconfig"; path = "Target Support Files/Pods-josinstagramUITests/Pods-josinstagramUITests.release.xcconfig"; sourceTree = "<group>"; };
/* End PBXFileReference section */

/* Begin PBXFrameworksBuildPhase section */
		3C6A9D7822D3FB6A00749C1B /* Frameworks */ = {
			isa = PBXFrameworksBuildPhase;
			buildActionMask = 2147483647;
			files = (
				56420701BF2E6A9A5339E8B1 /* Pods_josinstagram.framework in Frameworks */,
			);
			runOnlyForDeploymentPostprocessing = 0;
		};
		3C6A9D9022D3FB6B00749C1B /* Frameworks */ = {
			isa = PBXFrameworksBuildPhase;
			buildActionMask = 2147483647;
			files = (
				21F405DDCA00B5159811370A /* Pods_josinstagramTests.framework in Frameworks */,
			);
			runOnlyForDeploymentPostprocessing = 0;
		};
		3C6A9D9B22D3FB6B00749C1B /* Frameworks */ = {
			isa = PBXFrameworksBuildPhase;
			buildActionMask = 2147483647;
			files = (
				4E3CC8F0E02148CF85314BC7 /* Pods_josinstagramUITests.framework in Frameworks */,
			);
			runOnlyForDeploymentPostprocessing = 0;
		};
/* End PBXFrameworksBuildPhase section */

/* Begin PBXGroup section */
		3C367E0F22D9582000C47ED7 /* AccessViews */ = {
			isa = PBXGroup;
			children = (
				3C6A9DB122D4068F00749C1B /* LoginViewController.h */,
				3C6A9DB222D4068F00749C1B /* LoginViewController.m */,
				3C6A9DB722D40D9D00749C1B /* RegisterViewController.h */,
				3C6A9DB822D40D9D00749C1B /* RegisterViewController.m */,
			);
			path = AccessViews;
			sourceTree = "<group>";
		};
		3C367E1022D9584300C47ED7 /* ProfileViews */ = {
			isa = PBXGroup;
			children = (
				3CE923A622D6574F00064F43 /* ProfileViewController.h */,
				3CE923A722D6574F00064F43 /* ProfileViewController.m */,
				3C11202722D7F361001202E4 /* FriendsProfileViewController.h */,
				3C11202822D7F361001202E4 /* FriendsProfileViewController.m */,
			);
			path = ProfileViews;
			sourceTree = "<group>";
		};
		3C6A9D7222D3FB6A00749C1B = {
			isa = PBXGroup;
			children = (
				3C6A9D7D22D3FB6A00749C1B /* josinstagram */,
				3C6A9D9622D3FB6B00749C1B /* josinstagramTests */,
				3C6A9DA122D3FB6B00749C1B /* josinstagramUITests */,
				3C6A9D7C22D3FB6A00749C1B /* Products */,
				476CA1EF63D13550C932C2B0 /* Pods */,
				BF3445D194E8D7A82355A4EB /* Frameworks */,
			);
			sourceTree = "<group>";
		};
		3C6A9D7C22D3FB6A00749C1B /* Products */ = {
			isa = PBXGroup;
			children = (
				3C6A9D7B22D3FB6A00749C1B /* josinstagram.app */,
				3C6A9D9322D3FB6B00749C1B /* josinstagramTests.xctest */,
				3C6A9D9E22D3FB6B00749C1B /* josinstagramUITests.xctest */,
			);
			name = Products;
			sourceTree = "<group>";
		};
		3C6A9D7D22D3FB6A00749C1B /* josinstagram */ = {
			isa = PBXGroup;
			children = (
				3CE9239F22D5538000064F43 /* Views */,
				3CE9239B22D5400D00064F43 /* Models */,
				3C6A9DB022D4065900749C1B /*  ViewControllers */,
				3C6A9D7E22D3FB6A00749C1B /* AppDelegate.h */,
				3C6A9D7F22D3FB6A00749C1B /* AppDelegate.m */,
				3C6A9D8422D3FB6A00749C1B /* Main.storyboard */,
				3C6A9D8722D3FB6B00749C1B /* Assets.xcassets */,
				3C6A9D8922D3FB6B00749C1B /* LaunchScreen.storyboard */,
				3C6A9D8C22D3FB6B00749C1B /* Info.plist */,
				3C6A9D8D22D3FB6B00749C1B /* main.m */,
			);
			path = josinstagram;
			sourceTree = "<group>";
		};
		3C6A9D9622D3FB6B00749C1B /* josinstagramTests */ = {
			isa = PBXGroup;
			children = (
				3C6A9D9722D3FB6B00749C1B /* josinstagramTests.m */,
				3C6A9D9922D3FB6B00749C1B /* Info.plist */,
			);
			path = josinstagramTests;
			sourceTree = "<group>";
		};
		3C6A9DA122D3FB6B00749C1B /* josinstagramUITests */ = {
			isa = PBXGroup;
			children = (
				3C6A9DA222D3FB6B00749C1B /* josinstagramUITests.m */,
				3C6A9DA422D3FB6B00749C1B /* Info.plist */,
			);
			path = josinstagramUITests;
			sourceTree = "<group>";
		};
		3C6A9DB022D4065900749C1B /*  ViewControllers */ = {
			isa = PBXGroup;
			children = (
				3C367E1022D9584300C47ED7 /* ProfileViews */,
				3C367E0F22D9582000C47ED7 /* AccessViews */,
				3C6A9DBA22D4121B00749C1B /* TimelineViewController.h */,
				3C6A9DBB22D4121B00749C1B /* TimelineViewController.m */,
				3CE9239722D5382100064F43 /* CameraViewController.h */,
				3CE9239822D5382100064F43 /* CameraViewController.m */,
				3CE923A322D5608C00064F43 /* DetailsViewController.h */,
				3CE923A422D5608C00064F43 /* DetailsViewController.m */,
			);
			path = " ViewControllers";
			sourceTree = "<group>";
		};
		3CE9239B22D5400D00064F43 /* Models */ = {
			isa = PBXGroup;
			children = (
				3CE9239C22D5404100064F43 /* Post.h */,
				3CE9239D22D5404100064F43 /* Post.m */,
			);
			path = Models;
			sourceTree = "<group>";
		};
		3CE9239F22D5538000064F43 /* Views */ = {
			isa = PBXGroup;
			children = (
				3CE923A022D5539D00064F43 /* PostCell.h */,
				3CE923A122D5539D00064F43 /* PostCell.m */,
				3CE923A922D6586F00064F43 /* PostCollectionCell.h */,
				3CE923AA22D6586F00064F43 /* PostCollectionCell.m */,
			);
			path = Views;
			sourceTree = "<group>";
		};
		476CA1EF63D13550C932C2B0 /* Pods */ = {
			isa = PBXGroup;
			children = (
				23215BC80371685537A3421B /* Pods-josinstagram.debug.xcconfig */,
				684B77C628F4465095D4362E /* Pods-josinstagram.release.xcconfig */,
				8171D9AE02FB1FBD41FA1EA5 /* Pods-josinstagramTests.debug.xcconfig */,
				8637BC2C8849BDC55BB9B240 /* Pods-josinstagramTests.release.xcconfig */,
				AC93CCF6D679C4A8A5720D37 /* Pods-josinstagramUITests.debug.xcconfig */,
				D0B58F0B1A9763ECAEA84AFC /* Pods-josinstagramUITests.release.xcconfig */,
			);
			path = Pods;
			sourceTree = "<group>";
		};
		BF3445D194E8D7A82355A4EB /* Frameworks */ = {
			isa = PBXGroup;
			children = (
				0411020D22FDDCA0676FB11F /* Pods_josinstagram.framework */,
				2A23A584762273F60A995206 /* Pods_josinstagramTests.framework */,
				80634EAC7AAF478BC7FA3C43 /* Pods_josinstagramUITests.framework */,
			);
			name = Frameworks;
			sourceTree = "<group>";
		};
/* End PBXGroup section */

/* Begin PBXNativeTarget section */
		3C6A9D7A22D3FB6A00749C1B /* josinstagram */ = {
			isa = PBXNativeTarget;
			buildConfigurationList = 3C6A9DA722D3FB6B00749C1B /* Build configuration list for PBXNativeTarget "josinstagram" */;
			buildPhases = (
				39924EB04C0B9C4CE4306EBE /* [CP] Check Pods Manifest.lock */,
				3C6A9D7722D3FB6A00749C1B /* Sources */,
				3C6A9D7822D3FB6A00749C1B /* Frameworks */,
				3C6A9D7922D3FB6A00749C1B /* Resources */,
				780382DDE3CE95F284CB53CA /* [CP] Embed Pods Frameworks */,
			);
			buildRules = (
			);
			dependencies = (
			);
			name = josinstagram;
			productName = josinstagram;
			productReference = 3C6A9D7B22D3FB6A00749C1B /* josinstagram.app */;
			productType = "com.apple.product-type.application";
		};
		3C6A9D9222D3FB6B00749C1B /* josinstagramTests */ = {
			isa = PBXNativeTarget;
			buildConfigurationList = 3C6A9DAA22D3FB6B00749C1B /* Build configuration list for PBXNativeTarget "josinstagramTests" */;
			buildPhases = (
				3E6E22054795B20832D14130 /* [CP] Check Pods Manifest.lock */,
				3C6A9D8F22D3FB6B00749C1B /* Sources */,
				3C6A9D9022D3FB6B00749C1B /* Frameworks */,
				3C6A9D9122D3FB6B00749C1B /* Resources */,
			);
			buildRules = (
			);
			dependencies = (
				3C6A9D9522D3FB6B00749C1B /* PBXTargetDependency */,
			);
			name = josinstagramTests;
			productName = josinstagramTests;
			productReference = 3C6A9D9322D3FB6B00749C1B /* josinstagramTests.xctest */;
			productType = "com.apple.product-type.bundle.unit-test";
		};
		3C6A9D9D22D3FB6B00749C1B /* josinstagramUITests */ = {
			isa = PBXNativeTarget;
			buildConfigurationList = 3C6A9DAD22D3FB6B00749C1B /* Build configuration list for PBXNativeTarget "josinstagramUITests" */;
			buildPhases = (
				94FFB216DBB079255A96C44C /* [CP] Check Pods Manifest.lock */,
				3C6A9D9A22D3FB6B00749C1B /* Sources */,
				3C6A9D9B22D3FB6B00749C1B /* Frameworks */,
				3C6A9D9C22D3FB6B00749C1B /* Resources */,
			);
			buildRules = (
			);
			dependencies = (
				3C6A9DA022D3FB6B00749C1B /* PBXTargetDependency */,
			);
			name = josinstagramUITests;
			productName = josinstagramUITests;
			productReference = 3C6A9D9E22D3FB6B00749C1B /* josinstagramUITests.xctest */;
			productType = "com.apple.product-type.bundle.ui-testing";
		};
/* End PBXNativeTarget section */

/* Begin PBXProject section */
		3C6A9D7322D3FB6A00749C1B /* Project object */ = {
			isa = PBXProject;
			attributes = {
				LastUpgradeCheck = 1020;
				ORGANIZATIONNAME = josemurillo;
				TargetAttributes = {
					3C6A9D7A22D3FB6A00749C1B = {
						CreatedOnToolsVersion = 10.2.1;
					};
					3C6A9D9222D3FB6B00749C1B = {
						CreatedOnToolsVersion = 10.2.1;
						TestTargetID = 3C6A9D7A22D3FB6A00749C1B;
					};
					3C6A9D9D22D3FB6B00749C1B = {
						CreatedOnToolsVersion = 10.2.1;
						TestTargetID = 3C6A9D7A22D3FB6A00749C1B;
					};
				};
			};
			buildConfigurationList = 3C6A9D7622D3FB6A00749C1B /* Build configuration list for PBXProject "josinstagram" */;
			compatibilityVersion = "Xcode 9.3";
			developmentRegion = en;
			hasScannedForEncodings = 0;
			knownRegions = (
				en,
				Base,
			);
			mainGroup = 3C6A9D7222D3FB6A00749C1B;
			productRefGroup = 3C6A9D7C22D3FB6A00749C1B /* Products */;
			projectDirPath = "";
			projectRoot = "";
			targets = (
				3C6A9D7A22D3FB6A00749C1B /* josinstagram */,
				3C6A9D9222D3FB6B00749C1B /* josinstagramTests */,
				3C6A9D9D22D3FB6B00749C1B /* josinstagramUITests */,
			);
		};
/* End PBXProject section */

/* Begin PBXResourcesBuildPhase section */
		3C6A9D7922D3FB6A00749C1B /* Resources */ = {
			isa = PBXResourcesBuildPhase;
			buildActionMask = 2147483647;
			files = (
				3C6A9D8B22D3FB6B00749C1B /* LaunchScreen.storyboard in Resources */,
				3C6A9D8822D3FB6B00749C1B /* Assets.xcassets in Resources */,
				3C6A9D8622D3FB6A00749C1B /* Main.storyboard in Resources */,
			);
			runOnlyForDeploymentPostprocessing = 0;
		};
		3C6A9D9122D3FB6B00749C1B /* Resources */ = {
			isa = PBXResourcesBuildPhase;
			buildActionMask = 2147483647;
			files = (
			);
			runOnlyForDeploymentPostprocessing = 0;
		};
		3C6A9D9C22D3FB6B00749C1B /* Resources */ = {
			isa = PBXResourcesBuildPhase;
			buildActionMask = 2147483647;
			files = (
			);
			runOnlyForDeploymentPostprocessing = 0;
		};
/* End PBXResourcesBuildPhase section */

/* Begin PBXShellScriptBuildPhase section */
		39924EB04C0B9C4CE4306EBE /* [CP] Check Pods Manifest.lock */ = {
			isa = PBXShellScriptBuildPhase;
			buildActionMask = 2147483647;
			files = (
			);
			inputFileListPaths = (
			);
			inputPaths = (
				"${PODS_PODFILE_DIR_PATH}/Podfile.lock",
				"${PODS_ROOT}/Manifest.lock",
			);
			name = "[CP] Check Pods Manifest.lock";
			outputFileListPaths = (
			);
			outputPaths = (
				"$(DERIVED_FILE_DIR)/Pods-josinstagram-checkManifestLockResult.txt",
			);
			runOnlyForDeploymentPostprocessing = 0;
			shellPath = /bin/sh;
			shellScript = "diff \"${PODS_PODFILE_DIR_PATH}/Podfile.lock\" \"${PODS_ROOT}/Manifest.lock\" > /dev/null\nif [ $? != 0 ] ; then\n    # print error to STDERR\n    echo \"error: The sandbox is not in sync with the Podfile.lock. Run 'pod install' or update your CocoaPods installation.\" >&2\n    exit 1\nfi\n# This output is used by Xcode 'outputs' to avoid re-running this script phase.\necho \"SUCCESS\" > \"${SCRIPT_OUTPUT_FILE_0}\"\n";
			showEnvVarsInLog = 0;
		};
		3E6E22054795B20832D14130 /* [CP] Check Pods Manifest.lock */ = {
			isa = PBXShellScriptBuildPhase;
			buildActionMask = 2147483647;
			files = (
			);
			inputFileListPaths = (
			);
			inputPaths = (
				"${PODS_PODFILE_DIR_PATH}/Podfile.lock",
				"${PODS_ROOT}/Manifest.lock",
			);
			name = "[CP] Check Pods Manifest.lock";
			outputFileListPaths = (
			);
			outputPaths = (
				"$(DERIVED_FILE_DIR)/Pods-josinstagramTests-checkManifestLockResult.txt",
			);
			runOnlyForDeploymentPostprocessing = 0;
			shellPath = /bin/sh;
			shellScript = "diff \"${PODS_PODFILE_DIR_PATH}/Podfile.lock\" \"${PODS_ROOT}/Manifest.lock\" > /dev/null\nif [ $? != 0 ] ; then\n    # print error to STDERR\n    echo \"error: The sandbox is not in sync with the Podfile.lock. Run 'pod install' or update your CocoaPods installation.\" >&2\n    exit 1\nfi\n# This output is used by Xcode 'outputs' to avoid re-running this script phase.\necho \"SUCCESS\" > \"${SCRIPT_OUTPUT_FILE_0}\"\n";
			showEnvVarsInLog = 0;
		};
		780382DDE3CE95F284CB53CA /* [CP] Embed Pods Frameworks */ = {
			isa = PBXShellScriptBuildPhase;
			buildActionMask = 2147483647;
			files = (
			);
			inputFileListPaths = (
				"${PODS_ROOT}/Target Support Files/Pods-josinstagram/Pods-josinstagram-frameworks-${CONFIGURATION}-input-files.xcfilelist",
			);
			name = "[CP] Embed Pods Frameworks";
			outputFileListPaths = (
				"${PODS_ROOT}/Target Support Files/Pods-josinstagram/Pods-josinstagram-frameworks-${CONFIGURATION}-output-files.xcfilelist",
			);
			runOnlyForDeploymentPostprocessing = 0;
			shellPath = /bin/sh;
			shellScript = "\"${PODS_ROOT}/Target Support Files/Pods-josinstagram/Pods-josinstagram-frameworks.sh\"\n";
			showEnvVarsInLog = 0;
		};
		94FFB216DBB079255A96C44C /* [CP] Check Pods Manifest.lock */ = {
			isa = PBXShellScriptBuildPhase;
			buildActionMask = 2147483647;
			files = (
			);
			inputFileListPaths = (
			);
			inputPaths = (
				"${PODS_PODFILE_DIR_PATH}/Podfile.lock",
				"${PODS_ROOT}/Manifest.lock",
			);
			name = "[CP] Check Pods Manifest.lock";
			outputFileListPaths = (
			);
			outputPaths = (
				"$(DERIVED_FILE_DIR)/Pods-josinstagramUITests-checkManifestLockResult.txt",
			);
			runOnlyForDeploymentPostprocessing = 0;
			shellPath = /bin/sh;
			shellScript = "diff \"${PODS_PODFILE_DIR_PATH}/Podfile.lock\" \"${PODS_ROOT}/Manifest.lock\" > /dev/null\nif [ $? != 0 ] ; then\n    # print error to STDERR\n    echo \"error: The sandbox is not in sync with the Podfile.lock. Run 'pod install' or update your CocoaPods installation.\" >&2\n    exit 1\nfi\n# This output is used by Xcode 'outputs' to avoid re-running this script phase.\necho \"SUCCESS\" > \"${SCRIPT_OUTPUT_FILE_0}\"\n";
			showEnvVarsInLog = 0;
		};
/* End PBXShellScriptBuildPhase section */

/* Begin PBXSourcesBuildPhase section */
		3C6A9D7722D3FB6A00749C1B /* Sources */ = {
			isa = PBXSourcesBuildPhase;
			buildActionMask = 2147483647;
			files = (
				3C6A9DB922D40D9D00749C1B /* RegisterViewController.m in Sources */,
				3C6A9D8E22D3FB6B00749C1B /* main.m in Sources */,
				3CE923AB22D6586F00064F43 /* PostCollectionCell.m in Sources */,
				3C6A9D8022D3FB6A00749C1B /* AppDelegate.m in Sources */,
				3C11202922D7F361001202E4 /* FriendsProfileViewController.m in Sources */,
				3CE923A222D5539D00064F43 /* PostCell.m in Sources */,
				3CE923A822D6574F00064F43 /* ProfileViewController.m in Sources */,
				3CE9239922D5382100064F43 /* CameraViewController.m in Sources */,
				3C6A9DB322D4068F00749C1B /* LoginViewController.m in Sources */,
				3CE923A522D5608C00064F43 /* DetailsViewController.m in Sources */,
				3C6A9DBC22D4121B00749C1B /* TimelineViewController.m in Sources */,
				3CE9239E22D5404100064F43 /* Post.m in Sources */,
			);
			runOnlyForDeploymentPostprocessing = 0;
		};
		3C6A9D8F22D3FB6B00749C1B /* Sources */ = {
			isa = PBXSourcesBuildPhase;
			buildActionMask = 2147483647;
			files = (
				3C6A9D9822D3FB6B00749C1B /* josinstagramTests.m in Sources */,
			);
			runOnlyForDeploymentPostprocessing = 0;
		};
		3C6A9D9A22D3FB6B00749C1B /* Sources */ = {
			isa = PBXSourcesBuildPhase;
			buildActionMask = 2147483647;
			files = (
				3C6A9DA322D3FB6B00749C1B /* josinstagramUITests.m in Sources */,
			);
			runOnlyForDeploymentPostprocessing = 0;
		};
/* End PBXSourcesBuildPhase section */

/* Begin PBXTargetDependency section */
		3C6A9D9522D3FB6B00749C1B /* PBXTargetDependency */ = {
			isa = PBXTargetDependency;
			target = 3C6A9D7A22D3FB6A00749C1B /* josinstagram */;
			targetProxy = 3C6A9D9422D3FB6B00749C1B /* PBXContainerItemProxy */;
		};
		3C6A9DA022D3FB6B00749C1B /* PBXTargetDependency */ = {
			isa = PBXTargetDependency;
			target = 3C6A9D7A22D3FB6A00749C1B /* josinstagram */;
			targetProxy = 3C6A9D9F22D3FB6B00749C1B /* PBXContainerItemProxy */;
		};
/* End PBXTargetDependency section */

/* Begin PBXVariantGroup section */
		3C6A9D8422D3FB6A00749C1B /* Main.storyboard */ = {
			isa = PBXVariantGroup;
			children = (
				3C6A9D8522D3FB6A00749C1B /* Base */,
			);
			name = Main.storyboard;
			sourceTree = "<group>";
		};
		3C6A9D8922D3FB6B00749C1B /* LaunchScreen.storyboard */ = {
			isa = PBXVariantGroup;
			children = (
				3C6A9D8A22D3FB6B00749C1B /* Base */,
			);
			name = LaunchScreen.storyboard;
			sourceTree = "<group>";
		};
/* End PBXVariantGroup section */

/* Begin XCBuildConfiguration section */
		3C6A9DA522D3FB6B00749C1B /* Debug */ = {
			isa = XCBuildConfiguration;
			buildSettings = {
				ALWAYS_SEARCH_USER_PATHS = NO;
				CLANG_ANALYZER_NONNULL = YES;
				CLANG_ANALYZER_NUMBER_OBJECT_CONVERSION = YES_AGGRESSIVE;
				CLANG_CXX_LANGUAGE_STANDARD = "gnu++14";
				CLANG_CXX_LIBRARY = "libc++";
				CLANG_ENABLE_MODULES = YES;
				CLANG_ENABLE_OBJC_ARC = YES;
				CLANG_ENABLE_OBJC_WEAK = YES;
				CLANG_WARN_BLOCK_CAPTURE_AUTORELEASING = YES;
				CLANG_WARN_BOOL_CONVERSION = YES;
				CLANG_WARN_COMMA = YES;
				CLANG_WARN_CONSTANT_CONVERSION = YES;
				CLANG_WARN_DEPRECATED_OBJC_IMPLEMENTATIONS = YES;
				CLANG_WARN_DIRECT_OBJC_ISA_USAGE = YES_ERROR;
				CLANG_WARN_DOCUMENTATION_COMMENTS = YES;
				CLANG_WARN_EMPTY_BODY = YES;
				CLANG_WARN_ENUM_CONVERSION = YES;
				CLANG_WARN_INFINITE_RECURSION = YES;
				CLANG_WARN_INT_CONVERSION = YES;
				CLANG_WARN_NON_LITERAL_NULL_CONVERSION = YES;
				CLANG_WARN_OBJC_IMPLICIT_RETAIN_SELF = YES;
				CLANG_WARN_OBJC_LITERAL_CONVERSION = YES;
				CLANG_WARN_OBJC_ROOT_CLASS = YES_ERROR;
				CLANG_WARN_RANGE_LOOP_ANALYSIS = YES;
				CLANG_WARN_STRICT_PROTOTYPES = YES;
				CLANG_WARN_SUSPICIOUS_MOVE = YES;
				CLANG_WARN_UNGUARDED_AVAILABILITY = YES_AGGRESSIVE;
				CLANG_WARN_UNREACHABLE_CODE = YES;
				CLANG_WARN__DUPLICATE_METHOD_MATCH = YES;
				CODE_SIGN_IDENTITY = "iPhone Developer";
				COPY_PHASE_STRIP = NO;
				DEBUG_INFORMATION_FORMAT = dwarf;
				ENABLE_STRICT_OBJC_MSGSEND = YES;
				ENABLE_TESTABILITY = YES;
				GCC_C_LANGUAGE_STANDARD = gnu11;
				GCC_DYNAMIC_NO_PIC = NO;
				GCC_NO_COMMON_BLOCKS = YES;
				GCC_OPTIMIZATION_LEVEL = 0;
				GCC_PREPROCESSOR_DEFINITIONS = (
					"DEBUG=1",
					"$(inherited)",
				);
				GCC_WARN_64_TO_32_BIT_CONVERSION = YES;
				GCC_WARN_ABOUT_RETURN_TYPE = YES_ERROR;
				GCC_WARN_UNDECLARED_SELECTOR = YES;
				GCC_WARN_UNINITIALIZED_AUTOS = YES_AGGRESSIVE;
				GCC_WARN_UNUSED_FUNCTION = YES;
				GCC_WARN_UNUSED_VARIABLE = YES;
				IPHONEOS_DEPLOYMENT_TARGET = 12.2;
				MTL_ENABLE_DEBUG_INFO = INCLUDE_SOURCE;
				MTL_FAST_MATH = YES;
				ONLY_ACTIVE_ARCH = YES;
				SDKROOT = iphoneos;
			};
			name = Debug;
		};
		3C6A9DA622D3FB6B00749C1B /* Release */ = {
			isa = XCBuildConfiguration;
			buildSettings = {
				ALWAYS_SEARCH_USER_PATHS = NO;
				CLANG_ANALYZER_NONNULL = YES;
				CLANG_ANALYZER_NUMBER_OBJECT_CONVERSION = YES_AGGRESSIVE;
				CLANG_CXX_LANGUAGE_STANDARD = "gnu++14";
				CLANG_CXX_LIBRARY = "libc++";
				CLANG_ENABLE_MODULES = YES;
				CLANG_ENABLE_OBJC_ARC = YES;
				CLANG_ENABLE_OBJC_WEAK = YES;
				CLANG_WARN_BLOCK_CAPTURE_AUTORELEASING = YES;
				CLANG_WARN_BOOL_CONVERSION = YES;
				CLANG_WARN_COMMA = YES;
				CLANG_WARN_CONSTANT_CONVERSION = YES;
				CLANG_WARN_DEPRECATED_OBJC_IMPLEMENTATIONS = YES;
				CLANG_WARN_DIRECT_OBJC_ISA_USAGE = YES_ERROR;
				CLANG_WARN_DOCUMENTATION_COMMENTS = YES;
				CLANG_WARN_EMPTY_BODY = YES;
				CLANG_WARN_ENUM_CONVERSION = YES;
				CLANG_WARN_INFINITE_RECURSION = YES;
				CLANG_WARN_INT_CONVERSION = YES;
				CLANG_WARN_NON_LITERAL_NULL_CONVERSION = YES;
				CLANG_WARN_OBJC_IMPLICIT_RETAIN_SELF = YES;
				CLANG_WARN_OBJC_LITERAL_CONVERSION = YES;
				CLANG_WARN_OBJC_ROOT_CLASS = YES_ERROR;
				CLANG_WARN_RANGE_LOOP_ANALYSIS = YES;
				CLANG_WARN_STRICT_PROTOTYPES = YES;
				CLANG_WARN_SUSPICIOUS_MOVE = YES;
				CLANG_WARN_UNGUARDED_AVAILABILITY = YES_AGGRESSIVE;
				CLANG_WARN_UNREACHABLE_CODE = YES;
				CLANG_WARN__DUPLICATE_METHOD_MATCH = YES;
				CODE_SIGN_IDENTITY = "iPhone Developer";
				COPY_PHASE_STRIP = NO;
				DEBUG_INFORMATION_FORMAT = "dwarf-with-dsym";
				ENABLE_NS_ASSERTIONS = NO;
				ENABLE_STRICT_OBJC_MSGSEND = YES;
				GCC_C_LANGUAGE_STANDARD = gnu11;
				GCC_NO_COMMON_BLOCKS = YES;
				GCC_WARN_64_TO_32_BIT_CONVERSION = YES;
				GCC_WARN_ABOUT_RETURN_TYPE = YES_ERROR;
				GCC_WARN_UNDECLARED_SELECTOR = YES;
				GCC_WARN_UNINITIALIZED_AUTOS = YES_AGGRESSIVE;
				GCC_WARN_UNUSED_FUNCTION = YES;
				GCC_WARN_UNUSED_VARIABLE = YES;
				IPHONEOS_DEPLOYMENT_TARGET = 12.2;
				MTL_ENABLE_DEBUG_INFO = NO;
				MTL_FAST_MATH = YES;
				SDKROOT = iphoneos;
				VALIDATE_PRODUCT = YES;
			};
			name = Release;
		};
		3C6A9DA822D3FB6B00749C1B /* Debug */ = {
			isa = XCBuildConfiguration;
			baseConfigurationReference = 23215BC80371685537A3421B /* Pods-josinstagram.debug.xcconfig */;
			buildSettings = {
				ASSETCATALOG_COMPILER_APPICON_NAME = AppIcon;
				CODE_SIGN_STYLE = Automatic;
				DEVELOPMENT_TEAM = GR8CUMTMFV;
				INFOPLIST_FILE = josinstagram/Info.plist;
				LD_RUNPATH_SEARCH_PATHS = (
					"$(inherited)",
					"@executable_path/Frameworks",
				);
				PRODUCT_BUNDLE_IDENTIFIER = com.josemurillo.josinstagram;
				PRODUCT_NAME = "$(TARGET_NAME)";
				TARGETED_DEVICE_FAMILY = "1,2";
			};
			name = Debug;
		};
		3C6A9DA922D3FB6B00749C1B /* Release */ = {
			isa = XCBuildConfiguration;
			baseConfigurationReference = 684B77C628F4465095D4362E /* Pods-josinstagram.release.xcconfig */;
			buildSettings = {
				ASSETCATALOG_COMPILER_APPICON_NAME = AppIcon;
				CODE_SIGN_STYLE = Automatic;
				DEVELOPMENT_TEAM = GR8CUMTMFV;
				INFOPLIST_FILE = josinstagram/Info.plist;
				LD_RUNPATH_SEARCH_PATHS = (
					"$(inherited)",
					"@executable_path/Frameworks",
				);
				PRODUCT_BUNDLE_IDENTIFIER = com.josemurillo.josinstagram;
				PRODUCT_NAME = "$(TARGET_NAME)";
				TARGETED_DEVICE_FAMILY = "1,2";
			};
			name = Release;
		};
		3C6A9DAB22D3FB6B00749C1B /* Debug */ = {
			isa = XCBuildConfiguration;
			baseConfigurationReference = 8171D9AE02FB1FBD41FA1EA5 /* Pods-josinstagramTests.debug.xcconfig */;
			buildSettings = {
				BUNDLE_LOADER = "$(TEST_HOST)";
				CODE_SIGN_STYLE = Automatic;
				INFOPLIST_FILE = josinstagramTests/Info.plist;
				LD_RUNPATH_SEARCH_PATHS = (
					"$(inherited)",
					"@executable_path/Frameworks",
					"@loader_path/Frameworks",
				);
				PRODUCT_BUNDLE_IDENTIFIER = com.josemurillo.josinstagramTests;
				PRODUCT_NAME = "$(TARGET_NAME)";
				TARGETED_DEVICE_FAMILY = "1,2";
				TEST_HOST = "$(BUILT_PRODUCTS_DIR)/josinstagram.app/josinstagram";
			};
			name = Debug;
		};
		3C6A9DAC22D3FB6B00749C1B /* Release */ = {
			isa = XCBuildConfiguration;
			baseConfigurationReference = 8637BC2C8849BDC55BB9B240 /* Pods-josinstagramTests.release.xcconfig */;
			buildSettings = {
				BUNDLE_LOADER = "$(TEST_HOST)";
				CODE_SIGN_STYLE = Automatic;
				INFOPLIST_FILE = josinstagramTests/Info.plist;
				LD_RUNPATH_SEARCH_PATHS = (
					"$(inherited)",
					"@executable_path/Frameworks",
					"@loader_path/Frameworks",
				);
				PRODUCT_BUNDLE_IDENTIFIER = com.josemurillo.josinstagramTests;
				PRODUCT_NAME = "$(TARGET_NAME)";
				TARGETED_DEVICE_FAMILY = "1,2";
				TEST_HOST = "$(BUILT_PRODUCTS_DIR)/josinstagram.app/josinstagram";
			};
			name = Release;
		};
		3C6A9DAE22D3FB6B00749C1B /* Debug */ = {
			isa = XCBuildConfiguration;
			baseConfigurationReference = AC93CCF6D679C4A8A5720D37 /* Pods-josinstagramUITests.debug.xcconfig */;
			buildSettings = {
				CODE_SIGN_STYLE = Automatic;
				INFOPLIST_FILE = josinstagramUITests/Info.plist;
				LD_RUNPATH_SEARCH_PATHS = (
					"$(inherited)",
					"@executable_path/Frameworks",
					"@loader_path/Frameworks",
				);
				PRODUCT_BUNDLE_IDENTIFIER = com.josemurillo.josinstagramUITests;
				PRODUCT_NAME = "$(TARGET_NAME)";
				TARGETED_DEVICE_FAMILY = "1,2";
				TEST_TARGET_NAME = josinstagram;
			};
			name = Debug;
		};
		3C6A9DAF22D3FB6B00749C1B /* Release */ = {
			isa = XCBuildConfiguration;
			baseConfigurationReference = D0B58F0B1A9763ECAEA84AFC /* Pods-josinstagramUITests.release.xcconfig */;
			buildSettings = {
				CODE_SIGN_STYLE = Automatic;
				INFOPLIST_FILE = josinstagramUITests/Info.plist;
				LD_RUNPATH_SEARCH_PATHS = (
					"$(inherited)",
					"@executable_path/Frameworks",
					"@loader_path/Frameworks",
				);
				PRODUCT_BUNDLE_IDENTIFIER = com.josemurillo.josinstagramUITests;
				PRODUCT_NAME = "$(TARGET_NAME)";
				TARGETED_DEVICE_FAMILY = "1,2";
				TEST_TARGET_NAME = josinstagram;
			};
			name = Release;
		};
/* End XCBuildConfiguration section */

/* Begin XCConfigurationList section */
		3C6A9D7622D3FB6A00749C1B /* Build configuration list for PBXProject "josinstagram" */ = {
			isa = XCConfigurationList;
			buildConfigurations = (
				3C6A9DA522D3FB6B00749C1B /* Debug */,
				3C6A9DA622D3FB6B00749C1B /* Release */,
			);
			defaultConfigurationIsVisible = 0;
			defaultConfigurationName = Release;
		};
		3C6A9DA722D3FB6B00749C1B /* Build configuration list for PBXNativeTarget "josinstagram" */ = {
			isa = XCConfigurationList;
			buildConfigurations = (
				3C6A9DA822D3FB6B00749C1B /* Debug */,
				3C6A9DA922D3FB6B00749C1B /* Release */,
			);
			defaultConfigurationIsVisible = 0;
			defaultConfigurationName = Release;
		};
		3C6A9DAA22D3FB6B00749C1B /* Build configuration list for PBXNativeTarget "josinstagramTests" */ = {
			isa = XCConfigurationList;
			buildConfigurations = (
				3C6A9DAB22D3FB6B00749C1B /* Debug */,
				3C6A9DAC22D3FB6B00749C1B /* Release */,
			);
			defaultConfigurationIsVisible = 0;
			defaultConfigurationName = Release;
		};
		3C6A9DAD22D3FB6B00749C1B /* Build configuration list for PBXNativeTarget "josinstagramUITests" */ = {
			isa = XCConfigurationList;
			buildConfigurations = (
				3C6A9DAE22D3FB6B00749C1B /* Debug */,
				3C6A9DAF22D3FB6B00749C1B /* Release */,
			);
			defaultConfigurationIsVisible = 0;
			defaultConfigurationName = Release;
		};
/* End XCConfigurationList section */
	};
	rootObject = 3C6A9D7322D3FB6A00749C1B /* Project object */;
}
